
Microsoft Visual Studio Solution File, Format Version 12.00
# Visual Studio Version 17
VisualStudioVersion = 17.6.33829.357
MinimumVisualStudioVersion = 10.0.40219.1
Project("{9A19103F-16F7-4668-BE54-9A1E7A4F7556}") = "Newengindemir", "Newengindemir\Newengindemir.csproj", "{658066F4-1D09-40C1-A4A1-2CD10E9F6661}"
EndProject
Project("{9A19103F-16F7-4668-BE54-9A1E7A4F7556}") = "Matematik", "Matematik\Matematik.csproj", "{8EC3B43B-7410-43C1-B02B-6C5213839BDE}"
EndProject
Project("{9A19103F-16F7-4668-BE54-9A1E7A4F7556}") = "DegerVeReferansTipler", "DegerVeReferansTipler\DegerVeReferansTipler.csproj", "{6F1D6AE7-2DA9-4DFF-9B48-3B5C152B2C44}"
EndProject
Project("{9A19103F-16F7-4668-BE54-9A1E7A4F7556}") = "OPP1", "OPP1\OPP1.csproj", "{797B3FB3-81A5-4C97-B366-80872E3BE78A}"
EndProject
Project("{9A19103F-16F7-4668-BE54-9A1E7A4F7556}") = "Koleksiyonlar", "Koleksiyonlar\Koleksiyonlar.csproj", "{34B26344-AB8D-4C1D-9F20-B00B8C3AFD40}"
EndProject
Project("{9A19103F-16F7-4668-BE54-9A1E7A4F7556}") = "GenericsIntro", "GenericsIntro\GenericsIntro.csproj", "{909D75CD-F429-45FA-BE32-E47CA282AF0D}"
EndProject
Project("{9A19103F-16F7-4668-BE54-9A1E7A4F7556}") = "Oop2", "Oop2\Oop2.csproj", "{07AE640E-B8F6-48B2-BB9A-08EDBFF1F620}"
EndProject
Project("{9A19103F-16F7-4668-BE54-9A1E7A4F7556}") = "OOP3", "Ooop3\OOP3.csproj", "{5894076D-8587-45C5-8507-2D6057FE5A58}"
EndProject
Project("{FAE04EC0-301F-11D3-BF4B-00C04F79EFBC}") = "GameProject", "GameProject\GameProject.csproj", "{302D701E-160D-469C-9CAA-E3133F325852}"
EndProject
Global
	GlobalSection(SolutionConfigurationPlatforms) = preSolution
		Debug|Any CPU = Debug|Any CPU
		Release|Any CPU = Release|Any CPU
	EndGlobalSection
	GlobalSection(ProjectConfigurationPlatforms) = postSolution
		{658066F4-1D09-40C1-A4A1-2CD10E9F6661}.Debug|Any CPU.ActiveCfg = Debug|Any CPU
		{658066F4-1D09-40C1-A4A1-2CD10E9F6661}.Debug|Any CPU.Build.0 = Debug|Any CPU
		{658066F4-1D09-40C1-A4A1-2CD10E9F6661}.Release|Any CPU.ActiveCfg = Release|Any CPU
		{658066F4-1D09-40C1-A4A1-2CD10E9F6661}.Release|Any CPU.Build.0 = Release|Any CPU
		{8EC3B43B-7410-43C1-B02B-6C5213839BDE}.Debug|Any CPU.ActiveCfg = Debug|Any CPU
		{8EC3B43B-7410-43C1-B02B-6C5213839BDE}.Debug|Any CPU.Build.0 = Debug|Any CPU
		{8EC3B43B-7410-43C1-B02B-6C5213839BDE}.Release|Any CPU.ActiveCfg = Release|Any CPU
		{8EC3B43B-7410-43C1-B02B-6C5213839BDE}.Release|Any CPU.Build.0 = Release|Any CPU
		{6F1D6AE7-2DA9-4DFF-9B48-3B5C152B2C44}.Debug|Any CPU.ActiveCfg = Debug|Any CPU
		{6F1D6AE7-2DA9-4DFF-9B48-3B5C152B2C44}.Debug|Any CPU.Build.0 = Debug|Any CPU
		{6F1D6AE7-2DA9-4DFF-9B48-3B5C152B2C44}.Release|Any CPU.ActiveCfg = Release|Any CPU
		{6F1D6AE7-2DA9-4DFF-9B48-3B5C152B2C44}.Release|Any CPU.Build.0 = Release|Any CPU
		{797B3FB3-81A5-4C97-B366-80872E3BE78A}.Debug|Any CPU.ActiveCfg = Debug|Any CPU
		{797B3FB3-81A5-4C97-B366-80872E3BE78A}.Debug|Any CPU.Build.0 = Debug|Any CPU
		{797B3FB3-81A5-4C97-B366-80872E3BE78A}.Release|Any CPU.ActiveCfg = Release|Any CPU
		{797B3FB3-81A5-4C97-B366-80872E3BE78A}.Release|Any CPU.Build.0 = Release|Any CPU
		{34B26344-AB8D-4C1D-9F20-B00B8C3AFD40}.Debug|Any CPU.ActiveCfg = Debug|Any CPU
		{34B26344-AB8D-4C1D-9F20-B00B8C3AFD40}.Debug|Any CPU.Build.0 = Debug|Any CPU
		{34B26344-AB8D-4C1D-9F20-B00B8C3AFD40}.Release|Any CPU.ActiveCfg = Release|Any CPU
		{34B26344-AB8D-4C1D-9F20-B00B8C3AFD40}.Release|Any CPU.Build.0 = Release|Any CPU
		{909D75CD-F429-45FA-BE32-E47CA282AF0D}.Debug|Any CPU.ActiveCfg = Debug|Any CPU
		{909D75CD-F429-45FA-BE32-E47CA282AF0D}.Debug|Any CPU.Build.0 = Debug|Any CPU
		{909D75CD-F429-45FA-BE32-E47CA282AF0D}.Release|Any CPU.ActiveCfg = Release|Any CPU
		{909D75CD-F429-45FA-BE32-E47CA282AF0D}.Release|Any CPU.Build.0 = Release|Any CPU
		{07AE640E-B8F6-48B2-BB9A-08EDBFF1F620}.Debug|Any CPU.ActiveCfg = Debug|Any CPU
		{07AE640E-B8F6-48B2-BB9A-08EDBFF1F620}.Debug|Any CPU.Build.0 = Debug|Any CPU
		{07AE640E-B8F6-48B2-BB9A-08EDBFF1F620}.Release|Any CPU.ActiveCfg = Release|Any CPU
		{07AE640E-B8F6-48B2-BB9A-08EDBFF1F620}.Release|Any CPU.Build.0 = Release|Any CPU
		{5894076D-8587-45C5-8507-2D6057FE5A58}.Debug|Any CPU.ActiveCfg = Debug|Any CPU
		{5894076D-8587-45C5-8507-2D6057FE5A58}.Debug|Any CPU.Build.0 = Debug|Any CPU
		{5894076D-8587-45C5-8507-2D6057FE5A58}.Release|Any CPU.ActiveCfg = Release|Any CPU
		{5894076D-8587-45C5-8507-2D6057FE5A58}.Release|Any CPU.Build.0 = Release|Any CPU
		{302D701E-160D-469C-9CAA-E3133F325852}.Debug|Any CPU.ActiveCfg = Debug|Any CPU
		{302D701E-160D-469C-9CAA-E3133F325852}.Debug|Any CPU.Build.0 = Debug|Any CPU
		{302D701E-160D-469C-9CAA-E3133F325852}.Release|Any CPU.ActiveCfg = Release|Any CPU
		{302D701E-160D-469C-9CAA-E3133F325852}.Release|Any CPU.Build.0 = Release|Any CPU
	EndGlobalSection
	GlobalSection(SolutionProperties) = preSolution
		HideSolutionNode = FALSE
	EndGlobalSection
	GlobalSection(ExtensibilityGlobals) = postSolution
		SolutionGuid = {CBBE84B2-F0F2-4626-8F7C-42A421E6729F}
	EndGlobalSection
EndGlobal
